
Microsoft Visual Studio Solution File, Format Version 12.00
# Visual Studio Express 2013 for Windows Desktop
VisualStudioVersion = 12.0.40629.0
MinimumVisualStudioVersion = 10.0.40219.1
Project("{FAE04EC0-301F-11D3-BF4B-00C04F79EFBC}") = "Jigar Enterprises Stock Inventory", "Jigar Enterprises Stock Inventory\Jigar Enterprises Stock Inventory.csproj", "{A59C29C2-9B53-4A33-8794-A05E03F39CBF}"
EndProject
Global
	GlobalSection(SolutionConfigurationPlatforms) = preSolution
		Debug|Any CPU = Debug|Any CPU
		Release|Any CPU = Release|Any CPU
	EndGlobalSection
	GlobalSection(ProjectConfigurationPlatforms) = postSolution
		{A59C29C2-9B53-4A33-8794-A05E03F39CBF}.Debug|Any CPU.ActiveCfg = Debug|Any CPU
		{A59C29C2-9B53-4A33-8794-A05E03F39CBF}.Debug|Any CPU.Build.0 = Debug|Any CPU
		{A59C29C2-9B53-4A33-8794-A05E03F39CBF}.Release|Any CPU.ActiveCfg = Release|Any CPU
		{A59C29C2-9B53-4A33-8794-A05E03F39CBF}.Release|Any CPU.Build.0 = Release|Any CPU
	EndGlobalSection
	GlobalSection(SolutionProperties) = preSolution
		HideSolutionNode = FALSE
	EndGlobalSection
EndGlobal
